
Microsoft Visual Studio Solution File, Format Version 12.00
# Visual Studio Version 17
VisualStudioVersion = 17.10.34916.146
MinimumVisualStudioVersion = 10.0.40219.1
Project("{FAE04EC0-301F-11D3-BF4B-00C04F79EFBC}") = "WorkflowProcess", "WorkflowProcess\WorkflowProcess.csproj", "{0618080B-C19F-4B36-A1F3-CA89861A8562}"
EndProject
Global
	GlobalSection(SolutionConfigurationPlatforms) = preSolution
		Debug|Any CPU = Debug|Any CPU
		Release|Any CPU = Release|Any CPU
	EndGlobalSection
	GlobalSection(ProjectConfigurationPlatforms) = postSolution
		{0618080B-C19F-4B36-A1F3-CA89861A8562}.Debug|Any CPU.ActiveCfg = Debug|Any CPU
		{0618080B-C19F-4B36-A1F3-CA89861A8562}.Debug|Any CPU.Build.0 = Debug|Any CPU
		{0618080B-C19F-4B36-A1F3-CA89861A8562}.Release|Any CPU.ActiveCfg = Release|Any CPU
		{0618080B-C19F-4B36-A1F3-CA89861A8562}.Release|Any CPU.Build.0 = Release|Any CPU
	EndGlobalSection
	GlobalSection(SolutionProperties) = preSolution
		HideSolutionNode = FALSE
	EndGlobalSection
	GlobalSection(ExtensibilityGlobals) = postSolution
		SolutionGuid = {7E94182C-504C-49A0-9D64-87AF271C4976}
	EndGlobalSection
EndGlobal
